
Microsoft Visual Studio Solution File, Format Version 12.00
Project("{FAE04EC0-301F-11D3-BF4B-00C04F79EFBC}") = "NPG.DependentRandom", "NPG.DependentRandom\NPG.DependentRandom.csproj", "{9A196238-294B-4EED-880B-E6039C010A60}"
EndProject
Project("{FAE04EC0-301F-11D3-BF4B-00C04F79EFBC}") = "Tests", "Tests\Tests.csproj", "{526EA0C9-26DD-4625-9DB0-97456BC70210}"
EndProject
Project("{FAE04EC0-301F-11D3-BF4B-00C04F79EFBC}") = "DependentChancesCalculator", "DependentChancesCalculator\DependentChancesCalculator.csproj", "{74002DBF-B4BE-46A0-A1DC-60D498B79BA6}"
EndProject
Global
	GlobalSection(SolutionConfigurationPlatforms) = preSolution
		Debug|Any CPU = Debug|Any CPU
		Release|Any CPU = Release|Any CPU
	EndGlobalSection
	GlobalSection(ProjectConfigurationPlatforms) = postSolution
		{9A196238-294B-4EED-880B-E6039C010A60}.Debug|Any CPU.ActiveCfg = Debug|Any CPU
		{9A196238-294B-4EED-880B-E6039C010A60}.Debug|Any CPU.Build.0 = Debug|Any CPU
		{9A196238-294B-4EED-880B-E6039C010A60}.Release|Any CPU.ActiveCfg = Release|Any CPU
		{9A196238-294B-4EED-880B-E6039C010A60}.Release|Any CPU.Build.0 = Release|Any CPU
		{526EA0C9-26DD-4625-9DB0-97456BC70210}.Debug|Any CPU.ActiveCfg = Debug|Any CPU
		{526EA0C9-26DD-4625-9DB0-97456BC70210}.Debug|Any CPU.Build.0 = Debug|Any CPU
		{526EA0C9-26DD-4625-9DB0-97456BC70210}.Release|Any CPU.ActiveCfg = Release|Any CPU
		{526EA0C9-26DD-4625-9DB0-97456BC70210}.Release|Any CPU.Build.0 = Release|Any CPU
		{74002DBF-B4BE-46A0-A1DC-60D498B79BA6}.Debug|Any CPU.ActiveCfg = Debug|Any CPU
		{74002DBF-B4BE-46A0-A1DC-60D498B79BA6}.Debug|Any CPU.Build.0 = Debug|Any CPU
		{74002DBF-B4BE-46A0-A1DC-60D498B79BA6}.Release|Any CPU.ActiveCfg = Release|Any CPU
		{74002DBF-B4BE-46A0-A1DC-60D498B79BA6}.Release|Any CPU.Build.0 = Release|Any CPU
	EndGlobalSection
EndGlobal
